
Microsoft Visual Studio Solution File, Format Version 12.00
# Visual Studio Version 16
VisualStudioVersion = 16.0.29920.165
MinimumVisualStudioVersion = 10.0.40219.1
Project("{F2A71F9B-5D33-465A-A702-920D77279786}") = "ProjectTest", "ProjectTest\ProjectTest.fsproj", "{F5887F93-8CFF-401B-8D5F-E4ECDB9694F9}"
EndProject
Global
	GlobalSection(SolutionConfigurationPlatforms) = preSolution
		Debug|Any CPU = Debug|Any CPU
		Release|Any CPU = Release|Any CPU
	EndGlobalSection
	GlobalSection(ProjectConfigurationPlatforms) = postSolution
		{F5887F93-8CFF-401B-8D5F-E4ECDB9694F9}.Debug|Any CPU.ActiveCfg = Debug|Any CPU
		{F5887F93-8CFF-401B-8D5F-E4ECDB9694F9}.Debug|Any CPU.Build.0 = Debug|Any CPU
		{F5887F93-8CFF-401B-8D5F-E4ECDB9694F9}.Release|Any CPU.ActiveCfg = Release|Any CPU
		{F5887F93-8CFF-401B-8D5F-E4ECDB9694F9}.Release|Any CPU.Build.0 = Release|Any CPU
	EndGlobalSection
	GlobalSection(SolutionProperties) = preSolution
		HideSolutionNode = FALSE
	EndGlobalSection
	GlobalSection(ExtensibilityGlobals) = postSolution
		SolutionGuid = {5701CFB7-41BE-4550-ACA1-75AF14C757B8}
	EndGlobalSection
EndGlobal
